
Microsoft Visual Studio Solution File, Format Version 12.00
# Visual Studio Version 17
VisualStudioVersion = 17.5.33627.172
MinimumVisualStudioVersion = 10.0.40219.1
Project("{FAE04EC0-301F-11D3-BF4B-00C04F79EFBC}") = "Controle de Estacionamento", "Controle de Estacionamento.csproj", "{97F9C168-B3A8-48A3-B960-F114F378AE5A}"
EndProject
Global
	GlobalSection(SolutionConfigurationPlatforms) = preSolution
		Debug|Any CPU = Debug|Any CPU
		Release|Any CPU = Release|Any CPU
	EndGlobalSection
	GlobalSection(ProjectConfigurationPlatforms) = postSolution
		{97F9C168-B3A8-48A3-B960-F114F378AE5A}.Debug|Any CPU.ActiveCfg = Debug|Any CPU
		{97F9C168-B3A8-48A3-B960-F114F378AE5A}.Debug|Any CPU.Build.0 = Debug|Any CPU
		{97F9C168-B3A8-48A3-B960-F114F378AE5A}.Release|Any CPU.ActiveCfg = Release|Any CPU
		{97F9C168-B3A8-48A3-B960-F114F378AE5A}.Release|Any CPU.Build.0 = Release|Any CPU
	EndGlobalSection
	GlobalSection(SolutionProperties) = preSolution
		HideSolutionNode = FALSE
	EndGlobalSection
	GlobalSection(ExtensibilityGlobals) = postSolution
		SolutionGuid = {F1A7B6D2-B0C5-4D04-A6C4-0F678291925D}
	EndGlobalSection
EndGlobal
